{
  "name": "@lebogo/onu2-shared",
  "version": "1.0.0",
  "lockfileVersion": 2,
  "requires": true,
  "packages": {
    "": {
      "name": "@lebogo/onu2-shared",
      "version": "1.0.0",
      "hasInstallScript": true,
      "license": "CC BY-NC-SA 4.0",
      "dependencies": {
        "@lebogo/eventsystem": "github:OnuGame/eventsystem"
      },
      "devDependencies": {
        "typescript": "^4.8.4"
      }
    },
    "node_modules/@lebogo/eventsystem": {
      "version": "1.0.0",
      "resolved": "git+ssh://git@github.com/OnuGame/eventsystem.git#69c16da8cdc7037b2d36944c98239a140c5c6b97",
      "hasInstallScript": true,
      "license": "CC BY-NC"
    },
    "node_modules/typescript": {
      "version": "4.8.4",
      "resolved": "https://registry.npmjs.org/typescript/-/typescript-4.8.4.tgz",
      "integrity": "sha512-QCh+85mCy+h0IGff8r5XWzOVSbBO+KfeYrMQh7NJ58QujwcE22u+NUSmUxqF+un70P9GXKxa2HCNiTTMJknyjQ==",
      "dev": true,
      "bin": {
        "tsc": "bin/tsc",
        "tsserver": "bin/tsserver"
      },
      "engines": {
        "node": ">=4.2.0"
      }
    }
  },
  "dependencies": {
    "@lebogo/eventsystem": {
      "version": "git+ssh://git@github.com/OnuGame/eventsystem.git#69c16da8cdc7037b2d36944c98239a140c5c6b97",
      "from": "@lebogo/eventsystem@github:OnuGame/eventsystem"
    },
    "typescript": {
      "version": "4.8.4",
      "resolved": "https://registry.npmjs.org/typescript/-/typescript-4.8.4.tgz",
      "integrity": "sha512-QCh+85mCy+h0IGff8r5XWzOVSbBO+KfeYrMQh7NJ58QujwcE22u+NUSmUxqF+un70P9GXKxa2HCNiTTMJknyjQ==",
      "dev": true
    }
  }
}
