{
  "name": "@lebogo/onu2-shared",
  "version": "1.0.0",
  "lockfileVersion": 2,
  "requires": true,
  "packages": {
    "": {
      "name": "@lebogo/onu2-shared",
      "version": "1.0.0",
      "hasInstallScript": true,
      "license": "CC BY-NC-SA 4.0",
      "dependencies": {
        "@lebogo/eventsystem": "github:OnuGame/eventsystem"
      },
      "devDependencies": {
        "typescript": "^4.8.4"
      }
    },
    "node_modules/@lebogo/eventsystem": {
      "version": "1.0.0",
      "resolved": "git+ssh://git@github.com/OnuGame/eventsystem.git#e43caf4d1a6e89bf39cb0a72d8a279665a28f779",
      "hasInstallScript": true,
      "license": "CC BY-NC"
    },
    "node_modules/typescript": {
      "version": "4.9.3",
      "resolved": "https://registry.npmjs.org/typescript/-/typescript-4.9.3.tgz",
      "integrity": "sha512-CIfGzTelbKNEnLpLdGFgdyKhG23CKdKgQPOBc+OUNrkJ2vr+KSzsSV5kq5iWhEQbok+quxgGzrAtGWCyU7tHnA==",
      "dev": true,
      "bin": {
        "tsc": "bin/tsc",
        "tsserver": "bin/tsserver"
      },
      "engines": {
        "node": ">=4.2.0"
      }
    }
  },
  "dependencies": {
    "@lebogo/eventsystem": {
      "version": "git+ssh://git@github.com/OnuGame/eventsystem.git#e43caf4d1a6e89bf39cb0a72d8a279665a28f779",
      "from": "@lebogo/eventsystem@github:OnuGame/eventsystem"
    },
    "typescript": {
      "version": "4.9.3",
      "resolved": "https://registry.npmjs.org/typescript/-/typescript-4.9.3.tgz",
      "integrity": "sha512-CIfGzTelbKNEnLpLdGFgdyKhG23CKdKgQPOBc+OUNrkJ2vr+KSzsSV5kq5iWhEQbok+quxgGzrAtGWCyU7tHnA==",
      "dev": true
    }
  }
}
